// !$*UTF8*$!
{
	archiveVersion = 1;
	classes = {
	};
	objectVersion = 56;
	objects = {

/* Begin PBXBuildFile section */
		C0589B782B036C1700553114 /* nikeappApp.swift in Sources */ = {isa = PBXBuildFile; fileRef = C0589B772B036C1700553114 /* nikeappApp.swift */; };
		C0589B7A2B036C1700553114 /* ContentView.swift in Sources */ = {isa = PBXBuildFile; fileRef = C0589B792B036C1700553114 /* ContentView.swift */; };
		C0589B7C2B036C1800553114 /* Assets.xcassets in Resources */ = {isa = PBXBuildFile; fileRef = C0589B7B2B036C1800553114 /* Assets.xcassets */; };
		C0589B7F2B036C1800553114 /* Preview Assets.xcassets in Resources */ = {isa = PBXBuildFile; fileRef = C0589B7E2B036C1800553114 /* Preview Assets.xcassets */; };
		C0589B862B0392C300553114 /* bagView.swift in Sources */ = {isa = PBXBuildFile; fileRef = C0589B852B0392C300553114 /* bagView.swift */; };
		C0589B882B04CBD800553114 /* quantityView.swift in Sources */ = {isa = PBXBuildFile; fileRef = C0589B872B04CBD800553114 /* quantityView.swift */; };
		C0589B8E2B05252200553114 /* datamodel.swift in Sources */ = {isa = PBXBuildFile; fileRef = C0589B8D2B05252100553114 /* datamodel.swift */; };
		C0589B902B0529DD00553114 /* data.swift in Sources */ = {isa = PBXBuildFile; fileRef = C0589B8F2B0529DD00553114 /* data.swift */; };
		C0F6CEF72B0E8040003F71FF /* homeView.swift in Sources */ = {isa = PBXBuildFile; fileRef = C0F6CEF62B0E8040003F71FF /* homeView.swift */; };
		C0F6CEF92B0E8708003F71FF /* Nikeview.swift in Sources */ = {isa = PBXBuildFile; fileRef = C0F6CEF82B0E8708003F71FF /* Nikeview.swift */; };
		C0F6CEFB2B0E8720003F71FF /* Jordanview.swift in Sources */ = {isa = PBXBuildFile; fileRef = C0F6CEFA2B0E8720003F71FF /* Jordanview.swift */; };
		C0F6CEFD2B0F5324003F71FF /* checkoutView.swift in Sources */ = {isa = PBXBuildFile; fileRef = C0F6CEFC2B0F5324003F71FF /* checkoutView.swift */; };
/* End PBXBuildFile section */

/* Begin PBXFileReference section */
		C0589B742B036C1700553114 /* nikeapp.app */ = {isa = PBXFileReference; explicitFileType = wrapper.application; includeInIndex = 0; path = nikeapp.app; sourceTree = BUILT_PRODUCTS_DIR; };
		C0589B772B036C1700553114 /* nikeappApp.swift */ = {isa = PBXFileReference; lastKnownFileType = sourcecode.swift; path = nikeappApp.swift; sourceTree = "<group>"; };
		C0589B792B036C1700553114 /* ContentView.swift */ = {isa = PBXFileReference; lastKnownFileType = sourcecode.swift; path = ContentView.swift; sourceTree = "<group>"; };
		C0589B7B2B036C1800553114 /* Assets.xcassets */ = {isa = PBXFileReference; lastKnownFileType = folder.assetcatalog; path = Assets.xcassets; sourceTree = "<group>"; };
		C0589B7E2B036C1800553114 /* Preview Assets.xcassets */ = {isa = PBXFileReference; lastKnownFileType = folder.assetcatalog; path = "Preview Assets.xcassets"; sourceTree = "<group>"; };
		C0589B852B0392C300553114 /* bagView.swift */ = {isa = PBXFileReference; lastKnownFileType = sourcecode.swift; path = bagView.swift; sourceTree = "<group>"; };
		C0589B872B04CBD800553114 /* quantityView.swift */ = {isa = PBXFileReference; lastKnownFileType = sourcecode.swift; path = quantityView.swift; sourceTree = "<group>"; };
		C0589B8D2B05252100553114 /* datamodel.swift */ = {isa = PBXFileReference; lastKnownFileType = sourcecode.swift; path = datamodel.swift; sourceTree = "<group>"; };
		C0589B8F2B0529DD00553114 /* data.swift */ = {isa = PBXFileReference; lastKnownFileType = sourcecode.swift; path = data.swift; sourceTree = "<group>"; };
		C0F6CEF62B0E8040003F71FF /* homeView.swift */ = {isa = PBXFileReference; lastKnownFileType = sourcecode.swift; path = homeView.swift; sourceTree = "<group>"; };
		C0F6CEF82B0E8708003F71FF /* Nikeview.swift */ = {isa = PBXFileReference; lastKnownFileType = sourcecode.swift; path = Nikeview.swift; sourceTree = "<group>"; };
		C0F6CEFA2B0E8720003F71FF /* Jordanview.swift */ = {isa = PBXFileReference; lastKnownFileType = sourcecode.swift; path = Jordanview.swift; sourceTree = "<group>"; };
		C0F6CEFC2B0F5324003F71FF /* checkoutView.swift */ = {isa = PBXFileReference; lastKnownFileType = sourcecode.swift; path = checkoutView.swift; sourceTree = "<group>"; };
/* End PBXFileReference section */

/* Begin PBXFrameworksBuildPhase section */
		C0589B712B036C1700553114 /* Frameworks */ = {
			isa = PBXFrameworksBuildPhase;
			buildActionMask = 2147483647;
			files = (
			);
			runOnlyForDeploymentPostprocessing = 0;
		};
/* End PBXFrameworksBuildPhase section */

/* Begin PBXGroup section */
		C0589B6B2B036C1700553114 = {
			isa = PBXGroup;
			children = (
				C0589B762B036C1700553114 /* nikeapp */,
				C0589B752B036C1700553114 /* Products */,
			);
			sourceTree = "<group>";
		};
		C0589B752B036C1700553114 /* Products */ = {
			isa = PBXGroup;
			children = (
				C0589B742B036C1700553114 /* nikeapp.app */,
			);
			name = Products;
			sourceTree = "<group>";
		};
		C0589B762B036C1700553114 /* nikeapp */ = {
			isa = PBXGroup;
			children = (
				C0589B772B036C1700553114 /* nikeappApp.swift */,
				C0589B792B036C1700553114 /* ContentView.swift */,
				C0589B852B0392C300553114 /* bagView.swift */,
				C0F6CEFC2B0F5324003F71FF /* checkoutView.swift */,
				C0F6CEF62B0E8040003F71FF /* homeView.swift */,
				C0F6CEFA2B0E8720003F71FF /* Jordanview.swift */,
				C0F6CEF82B0E8708003F71FF /* Nikeview.swift */,
				C0589B8D2B05252100553114 /* datamodel.swift */,
				C0589B8F2B0529DD00553114 /* data.swift */,
				C0589B872B04CBD800553114 /* quantityView.swift */,
				C0589B7B2B036C1800553114 /* Assets.xcassets */,
				C0589B7D2B036C1800553114 /* Preview Content */,
			);
			path = nikeapp;
			sourceTree = "<group>";
		};
		C0589B7D2B036C1800553114 /* Preview Content */ = {
			isa = PBXGroup;
			children = (
				C0589B7E2B036C1800553114 /* Preview Assets.xcassets */,
			);
			path = "Preview Content";
			sourceTree = "<group>";
		};
/* End PBXGroup section */

/* Begin PBXNativeTarget section */
		C0589B732B036C1700553114 /* nikeapp */ = {
			isa = PBXNativeTarget;
			buildConfigurationList = C0589B822B036C1800553114 /* Build configuration list for PBXNativeTarget "nikeapp" */;
			buildPhases = (
				C0589B702B036C1700553114 /* Sources */,
				C0589B712B036C1700553114 /* Frameworks */,
				C0589B722B036C1700553114 /* Resources */,
			);
			buildRules = (
			);
			dependencies = (
			);
			name = nikeapp;
			productName = nikeapp;
			productReference = C0589B742B036C1700553114 /* nikeapp.app */;
			productType = "com.apple.product-type.application";
		};
/* End PBXNativeTarget section */

/* Begin PBXProject section */
		C0589B6C2B036C1700553114 /* Project object */ = {
			isa = PBXProject;
			attributes = {
				BuildIndependentTargetsInParallel = 1;
				LastSwiftUpdateCheck = 1500;
				LastUpgradeCheck = 1500;
				TargetAttributes = {
					C0589B732B036C1700553114 = {
						CreatedOnToolsVersion = 15.0;
					};
				};
			};
			buildConfigurationList = C0589B6F2B036C1700553114 /* Build configuration list for PBXProject "nikeapp" */;
			compatibilityVersion = "Xcode 14.0";
			developmentRegion = en;
			hasScannedForEncodings = 0;
			knownRegions = (
				en,
				Base,
			);
			mainGroup = C0589B6B2B036C1700553114;
			productRefGroup = C0589B752B036C1700553114 /* Products */;
			projectDirPath = "";
			projectRoot = "";
			targets = (
				C0589B732B036C1700553114 /* nikeapp */,
			);
		};
/* End PBXProject section */

/* Begin PBXResourcesBuildPhase section */
		C0589B722B036C1700553114 /* Resources */ = {
			isa = PBXResourcesBuildPhase;
			buildActionMask = 2147483647;
			files = (
				C0589B7F2B036C1800553114 /* Preview Assets.xcassets in Resources */,
				C0589B7C2B036C1800553114 /* Assets.xcassets in Resources */,
			);
			runOnlyForDeploymentPostprocessing = 0;
		};
/* End PBXResourcesBuildPhase section */

/* Begin PBXSourcesBuildPhase section */
		C0589B702B036C1700553114 /* Sources */ = {
			isa = PBXSourcesBuildPhase;
			buildActionMask = 2147483647;
			files = (
				C0589B7A2B036C1700553114 /* ContentView.swift in Sources */,
				C0589B902B0529DD00553114 /* data.swift in Sources */,
				C0F6CEFD2B0F5324003F71FF /* checkoutView.swift in Sources */,
				C0F6CEF72B0E8040003F71FF /* homeView.swift in Sources */,
				C0F6CEF92B0E8708003F71FF /* Nikeview.swift in Sources */,
				C0589B862B0392C300553114 /* bagView.swift in Sources */,
				C0589B782B036C1700553114 /* nikeappApp.swift in Sources */,
				C0589B8E2B05252200553114 /* datamodel.swift in Sources */,
				C0F6CEFB2B0E8720003F71FF /* Jordanview.swift in Sources */,
				C0589B882B04CBD800553114 /* quantityView.swift in Sources */,
			);
			runOnlyForDeploymentPostprocessing = 0;
		};
/* End PBXSourcesBuildPhase section */

/* Begin XCBuildConfiguration section */
		C0589B802B036C1800553114 /* Debug */ = {
			isa = XCBuildConfiguration;
			buildSettings = {
				ALWAYS_SEARCH_USER_PATHS = NO;
				ASSETCATALOG_COMPILER_GENERATE_SWIFT_ASSET_SYMBOL_EXTENSIONS = YES;
				CLANG_ANALYZER_NONNULL = YES;
				CLANG_ANALYZER_NUMBER_OBJECT_CONVERSION = YES_AGGRESSIVE;
				CLANG_CXX_LANGUAGE_STANDARD = "gnu++20";
				CLANG_ENABLE_MODULES = YES;
				CLANG_ENABLE_OBJC_ARC = YES;
				CLANG_ENABLE_OBJC_WEAK = YES;
				CLANG_WARN_BLOCK_CAPTURE_AUTORELEASING = YES;
				CLANG_WARN_BOOL_CONVERSION = YES;
				CLANG_WARN_COMMA = YES;
				CLANG_WARN_CONSTANT_CONVERSION = YES;
				CLANG_WARN_DEPRECATED_OBJC_IMPLEMENTATIONS = YES;
				CLANG_WARN_DIRECT_OBJC_ISA_USAGE = YES_ERROR;
				CLANG_WARN_DOCUMENTATION_COMMENTS = YES;
				CLANG_WARN_EMPTY_BODY = YES;
				CLANG_WARN_ENUM_CONVERSION = YES;
				CLANG_WARN_INFINITE_RECURSION = YES;
				CLANG_WARN_INT_CONVERSION = YES;
				CLANG_WARN_NON_LITERAL_NULL_CONVERSION = YES;
				CLANG_WARN_OBJC_IMPLICIT_RETAIN_SELF = YES;
				CLANG_WARN_OBJC_LITERAL_CONVERSION = YES;
				CLANG_WARN_OBJC_ROOT_CLASS = YES_ERROR;
				CLANG_WARN_QUOTED_INCLUDE_IN_FRAMEWORK_HEADER = YES;
				CLANG_WARN_RANGE_LOOP_ANALYSIS = YES;
				CLANG_WARN_STRICT_PROTOTYPES = YES;
				CLANG_WARN_SUSPICIOUS_MOVE = YES;
				CLANG_WARN_UNGUARDED_AVAILABILITY = YES_AGGRESSIVE;
				CLANG_WARN_UNREACHABLE_CODE = YES;
				CLANG_WARN__DUPLICATE_METHOD_MATCH = YES;
				COPY_PHASE_STRIP = NO;
				DEBUG_INFORMATION_FORMAT = dwarf;
				ENABLE_STRICT_OBJC_MSGSEND = YES;
				ENABLE_TESTABILITY = YES;
				ENABLE_USER_SCRIPT_SANDBOXING = YES;
				GCC_C_LANGUAGE_STANDARD = gnu17;
				GCC_DYNAMIC_NO_PIC = NO;
				GCC_NO_COMMON_BLOCKS = YES;
				GCC_OPTIMIZATION_LEVEL = 0;
				GCC_PREPROCESSOR_DEFINITIONS = (
					"DEBUG=1",
					"$(inherited)",
				);
				GCC_WARN_64_TO_32_BIT_CONVERSION = YES;
				GCC_WARN_ABOUT_RETURN_TYPE = YES_ERROR;
				GCC_WARN_UNDECLARED_SELECTOR = YES;
				GCC_WARN_UNINITIALIZED_AUTOS = YES_AGGRESSIVE;
				GCC_WARN_UNUSED_FUNCTION = YES;
				GCC_WARN_UNUSED_VARIABLE = YES;
				IPHONEOS_DEPLOYMENT_TARGET = 17.0;
				LOCALIZATION_PREFERS_STRING_CATALOGS = YES;
				MTL_ENABLE_DEBUG_INFO = INCLUDE_SOURCE;
				MTL_FAST_MATH = YES;
				ONLY_ACTIVE_ARCH = YES;
				SDKROOT = iphoneos;
				SWIFT_ACTIVE_COMPILATION_CONDITIONS = "DEBUG $(inherited)";
				SWIFT_OPTIMIZATION_LEVEL = "-Onone";
			};
			name = Debug;
		};
		C0589B812B036C1800553114 /* Release */ = {
			isa = XCBuildConfiguration;
			buildSettings = {
				ALWAYS_SEARCH_USER_PATHS = NO;
				ASSETCATALOG_COMPILER_GENERATE_SWIFT_ASSET_SYMBOL_EXTENSIONS = YES;
				CLANG_ANALYZER_NONNULL = YES;
				CLANG_ANALYZER_NUMBER_OBJECT_CONVERSION = YES_AGGRESSIVE;
				CLANG_CXX_LANGUAGE_STANDARD = "gnu++20";
				CLANG_ENABLE_MODULES = YES;
				CLANG_ENABLE_OBJC_ARC = YES;
				CLANG_ENABLE_OBJC_WEAK = YES;
				CLANG_WARN_BLOCK_CAPTURE_AUTORELEASING = YES;
				CLANG_WARN_BOOL_CONVERSION = YES;
				CLANG_WARN_COMMA = YES;
				CLANG_WARN_CONSTANT_CONVERSION = YES;
				CLANG_WARN_DEPRECATED_OBJC_IMPLEMENTATIONS = YES;
				CLANG_WARN_DIRECT_OBJC_ISA_USAGE = YES_ERROR;
				CLANG_WARN_DOCUMENTATION_COMMENTS = YES;
				CLANG_WARN_EMPTY_BODY = YES;
				CLANG_WARN_ENUM_CONVERSION = YES;
				CLANG_WARN_INFINITE_RECURSION = YES;
				CLANG_WARN_INT_CONVERSION = YES;
				CLANG_WARN_NON_LITERAL_NULL_CONVERSION = YES;
				CLANG_WARN_OBJC_IMPLICIT_RETAIN_SELF = YES;
				CLANG_WARN_OBJC_LITERAL_CONVERSION = YES;
				CLANG_WARN_OBJC_ROOT_CLASS = YES_ERROR;
				CLANG_WARN_QUOTED_INCLUDE_IN_FRAMEWORK_HEADER = YES;
				CLANG_WARN_RANGE_LOOP_ANALYSIS = YES;
				CLANG_WARN_STRICT_PROTOTYPES = YES;
				CLANG_WARN_SUSPICIOUS_MOVE = YES;
				CLANG_WARN_UNGUARDED_AVAILABILITY = YES_AGGRESSIVE;
				CLANG_WARN_UNREACHABLE_CODE = YES;
				CLANG_WARN__DUPLICATE_METHOD_MATCH = YES;
				COPY_PHASE_STRIP = NO;
				DEBUG_INFORMATION_FORMAT = "dwarf-with-dsym";
				ENABLE_NS_ASSERTIONS = NO;
				ENABLE_STRICT_OBJC_MSGSEND = YES;
				ENABLE_USER_SCRIPT_SANDBOXING = YES;
				GCC_C_LANGUAGE_STANDARD = gnu17;
				GCC_NO_COMMON_BLOCKS = YES;
				GCC_WARN_64_TO_32_BIT_CONVERSION = YES;
				GCC_WARN_ABOUT_RETURN_TYPE = YES_ERROR;
				GCC_WARN_UNDECLARED_SELECTOR = YES;
				GCC_WARN_UNINITIALIZED_AUTOS = YES_AGGRESSIVE;
				GCC_WARN_UNUSED_FUNCTION = YES;
				GCC_WARN_UNUSED_VARIABLE = YES;
				IPHONEOS_DEPLOYMENT_TARGET = 17.0;
				LOCALIZATION_PREFERS_STRING_CATALOGS = YES;
				MTL_ENABLE_DEBUG_INFO = NO;
				MTL_FAST_MATH = YES;
				SDKROOT = iphoneos;
				SWIFT_COMPILATION_MODE = wholemodule;
				VALIDATE_PRODUCT = YES;
			};
			name = Release;
		};
		C0589B832B036C1800553114 /* Debug */ = {
			isa = XCBuildConfiguration;
			buildSettings = {
				ASSETCATALOG_COMPILER_APPICON_NAME = AppIcon;
				ASSETCATALOG_COMPILER_GLOBAL_ACCENT_COLOR_NAME = AccentColor;
				CODE_SIGN_STYLE = Automatic;
				CURRENT_PROJECT_VERSION = 1;
				DEVELOPMENT_ASSET_PATHS = "\"nikeapp/Preview Content\"";
				DEVELOPMENT_TEAM = PA6N6K798V;
				ENABLE_PREVIEWS = YES;
				GENERATE_INFOPLIST_FILE = YES;
				INFOPLIST_KEY_UIApplicationSceneManifest_Generation = YES;
				INFOPLIST_KEY_UIApplicationSupportsIndirectInputEvents = YES;
				INFOPLIST_KEY_UILaunchScreen_Generation = YES;
				INFOPLIST_KEY_UISupportedInterfaceOrientations_iPad = "UIInterfaceOrientationPortrait UIInterfaceOrientationPortraitUpsideDown UIInterfaceOrientationLandscapeLeft UIInterfaceOrientationLandscapeRight";
				INFOPLIST_KEY_UISupportedInterfaceOrientations_iPhone = "UIInterfaceOrientationPortrait UIInterfaceOrientationLandscapeLeft UIInterfaceOrientationLandscapeRight";
				LD_RUNPATH_SEARCH_PATHS = (
					"$(inherited)",
					"@executable_path/Frameworks",
				);
				MARKETING_VERSION = 1.0;
				PRODUCT_BUNDLE_IDENTIFIER = com.aminentezari.nikeapp;
				PRODUCT_NAME = "$(TARGET_NAME)";
				SWIFT_EMIT_LOC_STRINGS = YES;
				SWIFT_VERSION = 5.0;
				TARGETED_DEVICE_FAMILY = "1,2";
			};
			name = Debug;
		};
		C0589B842B036C1800553114 /* Release */ = {
			isa = XCBuildConfiguration;
			buildSettings = {
				ASSETCATALOG_COMPILER_APPICON_NAME = AppIcon;
				ASSETCATALOG_COMPILER_GLOBAL_ACCENT_COLOR_NAME = AccentColor;
				CODE_SIGN_STYLE = Automatic;
				CURRENT_PROJECT_VERSION = 1;
				DEVELOPMENT_ASSET_PATHS = "\"nikeapp/Preview Content\"";
				DEVELOPMENT_TEAM = PA6N6K798V;
				ENABLE_PREVIEWS = YES;
				GENERATE_INFOPLIST_FILE = YES;
				INFOPLIST_KEY_UIApplicationSceneManifest_Generation = YES;
				INFOPLIST_KEY_UIApplicationSupportsIndirectInputEvents = YES;
				INFOPLIST_KEY_UILaunchScreen_Generation = YES;
				INFOPLIST_KEY_UISupportedInterfaceOrientations_iPad = "UIInterfaceOrientationPortrait UIInterfaceOrientationPortraitUpsideDown UIInterfaceOrientationLandscapeLeft UIInterfaceOrientationLandscapeRight";
				INFOPLIST_KEY_UISupportedInterfaceOrientations_iPhone = "UIInterfaceOrientationPortrait UIInterfaceOrientationLandscapeLeft UIInterfaceOrientationLandscapeRight";
				LD_RUNPATH_SEARCH_PATHS = (
					"$(inherited)",
					"@executable_path/Frameworks",
				);
				MARKETING_VERSION = 1.0;
				PRODUCT_BUNDLE_IDENTIFIER = com.aminentezari.nikeapp;
				PRODUCT_NAME = "$(TARGET_NAME)";
				SWIFT_EMIT_LOC_STRINGS = YES;
				SWIFT_VERSION = 5.0;
				TARGETED_DEVICE_FAMILY = "1,2";
			};
			name = Release;
		};
/* End XCBuildConfiguration section */

/* Begin XCConfigurationList section */
		C0589B6F2B036C1700553114 /* Build configuration list for PBXProject "nikeapp" */ = {
			isa = XCConfigurationList;
			buildConfigurations = (
				C0589B802B036C1800553114 /* Debug */,
				C0589B812B036C1800553114 /* Release */,
			);
			defaultConfigurationIsVisible = 0;
			defaultConfigurationName = Release;
		};
		C0589B822B036C1800553114 /* Build configuration list for PBXNativeTarget "nikeapp" */ = {
			isa = XCConfigurationList;
			buildConfigurations = (
				C0589B832B036C1800553114 /* Debug */,
				C0589B842B036C1800553114 /* Release */,
			);
			defaultConfigurationIsVisible = 0;
			defaultConfigurationName = Release;
		};
/* End XCConfigurationList section */
	};
	rootObject = C0589B6C2B036C1700553114 /* Project object */;
}
